// !$*UTF8*$!
{
	archiveVersion = 1;
	classes = {
	};
	objectVersion = 50;
	objects = {

/* Begin PBXBuildFile section */
		360A115B25232BCC00A9E649 /* XibCollectionViewCell.m in Sources */ = {isa = PBXBuildFile; fileRef = 360A115925232BCC00A9E649 /* XibCollectionViewCell.m */; };
		360A115C25232BCC00A9E649 /* XibCollectionViewCell.xib in Resources */ = {isa = PBXBuildFile; fileRef = 360A115A25232BCC00A9E649 /* XibCollectionViewCell.xib */; };
		360A116225232C3000A9E649 /* TestCollectionViewCell1.m in Sources */ = {isa = PBXBuildFile; fileRef = 360A116125232C3000A9E649 /* TestCollectionViewCell1.m */; };
		360A116825232C4000A9E649 /* TestCollectionViewCell2.m in Sources */ = {isa = PBXBuildFile; fileRef = 360A116725232C4000A9E649 /* TestCollectionViewCell2.m */; };
		360A116E25232C4D00A9E649 /* TestCollectionViewCell3.m in Sources */ = {isa = PBXBuildFile; fileRef = 360A116D25232C4D00A9E649 /* TestCollectionViewCell3.m */; };
		360A117425232C5900A9E649 /* TestCollectionViewCell4.m in Sources */ = {isa = PBXBuildFile; fileRef = 360A117325232C5900A9E649 /* TestCollectionViewCell4.m */; };
		360A117A25232C6300A9E649 /* TestCollectionViewCell5.m in Sources */ = {isa = PBXBuildFile; fileRef = 360A117925232C6300A9E649 /* TestCollectionViewCell5.m */; };
		364B2AB525230C090057C47F /* AppDelegate.m in Sources */ = {isa = PBXBuildFile; fileRef = 364B2AB425230C090057C47F /* AppDelegate.m */; };
		364B2AB825230C090057C47F /* SceneDelegate.m in Sources */ = {isa = PBXBuildFile; fileRef = 364B2AB725230C090057C47F /* SceneDelegate.m */; };
		364B2ABB25230C090057C47F /* ViewController.m in Sources */ = {isa = PBXBuildFile; fileRef = 364B2ABA25230C090057C47F /* ViewController.m */; };
		364B2ABE25230C090057C47F /* Main.storyboard in Resources */ = {isa = PBXBuildFile; fileRef = 364B2ABC25230C090057C47F /* Main.storyboard */; };
		364B2AC025230C0A0057C47F /* Assets.xcassets in Resources */ = {isa = PBXBuildFile; fileRef = 364B2ABF25230C0A0057C47F /* Assets.xcassets */; };
		364B2AC325230C0A0057C47F /* LaunchScreen.storyboard in Resources */ = {isa = PBXBuildFile; fileRef = 364B2AC125230C0A0057C47F /* LaunchScreen.storyboard */; };
		364B2AC625230C0A0057C47F /* main.m in Sources */ = {isa = PBXBuildFile; fileRef = 364B2AC525230C0A0057C47F /* main.m */; };
		364B2AD025230C0A0057C47F /* TestTableOrCollectionViewCellTests.m in Sources */ = {isa = PBXBuildFile; fileRef = 364B2ACF25230C0A0057C47F /* TestTableOrCollectionViewCellTests.m */; };
		364B2ADB25230C0A0057C47F /* TestTableOrCollectionViewCellUITests.m in Sources */ = {isa = PBXBuildFile; fileRef = 364B2ADA25230C0A0057C47F /* TestTableOrCollectionViewCellUITests.m */; };
		364B2AF325230E3E0057C47F /* TestTableViewController.m in Sources */ = {isa = PBXBuildFile; fileRef = 364B2AF225230E3E0057C47F /* TestTableViewController.m */; };
		364B2AF925230E550057C47F /* TestCollectionViewController.m in Sources */ = {isa = PBXBuildFile; fileRef = 364B2AF825230E550057C47F /* TestCollectionViewController.m */; };
		364B2B06252312230057C47F /* XibTableViewCell.m in Sources */ = {isa = PBXBuildFile; fileRef = 364B2B04252312230057C47F /* XibTableViewCell.m */; };
		364B2B07252312230057C47F /* XibTableViewCell.xib in Resources */ = {isa = PBXBuildFile; fileRef = 364B2B05252312230057C47F /* XibTableViewCell.xib */; };
		364B2B10252315950057C47F /* TestTableViewCell1.m in Sources */ = {isa = PBXBuildFile; fileRef = 364B2B0F252315950057C47F /* TestTableViewCell1.m */; };
		364B2B16252315A30057C47F /* TestTableViewCell2.m in Sources */ = {isa = PBXBuildFile; fileRef = 364B2B15252315A30057C47F /* TestTableViewCell2.m */; };
		364B2B1C252315AC0057C47F /* TestTableViewCell3.m in Sources */ = {isa = PBXBuildFile; fileRef = 364B2B1B252315AC0057C47F /* TestTableViewCell3.m */; };
		364B2B22252315B40057C47F /* TestTableViewCell4.m in Sources */ = {isa = PBXBuildFile; fileRef = 364B2B21252315B40057C47F /* TestTableViewCell4.m */; };
		364B2B28252315BD0057C47F /* TestTableViewCell5.m in Sources */ = {isa = PBXBuildFile; fileRef = 364B2B27252315BD0057C47F /* TestTableViewCell5.m */; };
/* End PBXBuildFile section */

/* Begin PBXContainerItemProxy section */
		364B2ACC25230C0A0057C47F /* PBXContainerItemProxy */ = {
			isa = PBXContainerItemProxy;
			containerPortal = 364B2AA825230C090057C47F /* Project object */;
			proxyType = 1;
			remoteGlobalIDString = 364B2AAF25230C090057C47F;
			remoteInfo = TestTableOrCollectionViewCell;
		};
		364B2AD725230C0A0057C47F /* PBXContainerItemProxy */ = {
			isa = PBXContainerItemProxy;
			containerPortal = 364B2AA825230C090057C47F /* Project object */;
			proxyType = 1;
			remoteGlobalIDString = 364B2AAF25230C090057C47F;
			remoteInfo = TestTableOrCollectionViewCell;
		};
/* End PBXContainerItemProxy section */

/* Begin PBXFileReference section */
		360A115825232BCC00A9E649 /* XibCollectionViewCell.h */ = {isa = PBXFileReference; lastKnownFileType = sourcecode.c.h; path = XibCollectionViewCell.h; sourceTree = "<group>"; };
		360A115925232BCC00A9E649 /* XibCollectionViewCell.m */ = {isa = PBXFileReference; lastKnownFileType = sourcecode.c.objc; path = XibCollectionViewCell.m; sourceTree = "<group>"; };
		360A115A25232BCC00A9E649 /* XibCollectionViewCell.xib */ = {isa = PBXFileReference; lastKnownFileType = file.xib; path = XibCollectionViewCell.xib; sourceTree = "<group>"; };
		360A116025232C3000A9E649 /* TestCollectionViewCell1.h */ = {isa = PBXFileReference; lastKnownFileType = sourcecode.c.h; path = TestCollectionViewCell1.h; sourceTree = "<group>"; };
		360A116125232C3000A9E649 /* TestCollectionViewCell1.m */ = {isa = PBXFileReference; lastKnownFileType = sourcecode.c.objc; path = TestCollectionViewCell1.m; sourceTree = "<group>"; };
		360A116625232C4000A9E649 /* TestCollectionViewCell2.h */ = {isa = PBXFileReference; lastKnownFileType = sourcecode.c.h; path = TestCollectionViewCell2.h; sourceTree = "<group>"; };
		360A116725232C4000A9E649 /* TestCollectionViewCell2.m */ = {isa = PBXFileReference; lastKnownFileType = sourcecode.c.objc; path = TestCollectionViewCell2.m; sourceTree = "<group>"; };
		360A116C25232C4D00A9E649 /* TestCollectionViewCell3.h */ = {isa = PBXFileReference; lastKnownFileType = sourcecode.c.h; path = TestCollectionViewCell3.h; sourceTree = "<group>"; };
		360A116D25232C4D00A9E649 /* TestCollectionViewCell3.m */ = {isa = PBXFileReference; lastKnownFileType = sourcecode.c.objc; path = TestCollectionViewCell3.m; sourceTree = "<group>"; };
		360A117225232C5900A9E649 /* TestCollectionViewCell4.h */ = {isa = PBXFileReference; lastKnownFileType = sourcecode.c.h; path = TestCollectionViewCell4.h; sourceTree = "<group>"; };
		360A117325232C5900A9E649 /* TestCollectionViewCell4.m */ = {isa = PBXFileReference; lastKnownFileType = sourcecode.c.objc; path = TestCollectionViewCell4.m; sourceTree = "<group>"; };
		360A117825232C6300A9E649 /* TestCollectionViewCell5.h */ = {isa = PBXFileReference; lastKnownFileType = sourcecode.c.h; path = TestCollectionViewCell5.h; sourceTree = "<group>"; };
		360A117925232C6300A9E649 /* TestCollectionViewCell5.m */ = {isa = PBXFileReference; lastKnownFileType = sourcecode.c.objc; path = TestCollectionViewCell5.m; sourceTree = "<group>"; };
		364B2AB025230C090057C47F /* TestTableOrCollectionViewCell.app */ = {isa = PBXFileReference; explicitFileType = wrapper.application; includeInIndex = 0; path = TestTableOrCollectionViewCell.app; sourceTree = BUILT_PRODUCTS_DIR; };
		364B2AB325230C090057C47F /* AppDelegate.h */ = {isa = PBXFileReference; lastKnownFileType = sourcecode.c.h; path = AppDelegate.h; sourceTree = "<group>"; };
		364B2AB425230C090057C47F /* AppDelegate.m */ = {isa = PBXFileReference; lastKnownFileType = sourcecode.c.objc; path = AppDelegate.m; sourceTree = "<group>"; };
		364B2AB625230C090057C47F /* SceneDelegate.h */ = {isa = PBXFileReference; lastKnownFileType = sourcecode.c.h; path = SceneDelegate.h; sourceTree = "<group>"; };
		364B2AB725230C090057C47F /* SceneDelegate.m */ = {isa = PBXFileReference; lastKnownFileType = sourcecode.c.objc; path = SceneDelegate.m; sourceTree = "<group>"; };
		364B2AB925230C090057C47F /* ViewController.h */ = {isa = PBXFileReference; lastKnownFileType = sourcecode.c.h; path = ViewController.h; sourceTree = "<group>"; };
		364B2ABA25230C090057C47F /* ViewController.m */ = {isa = PBXFileReference; lastKnownFileType = sourcecode.c.objc; path = ViewController.m; sourceTree = "<group>"; };
		364B2ABD25230C090057C47F /* Base */ = {isa = PBXFileReference; lastKnownFileType = file.storyboard; name = Base; path = Base.lproj/Main.storyboard; sourceTree = "<group>"; };
		364B2ABF25230C0A0057C47F /* Assets.xcassets */ = {isa = PBXFileReference; lastKnownFileType = folder.assetcatalog; path = Assets.xcassets; sourceTree = "<group>"; };
		364B2AC225230C0A0057C47F /* Base */ = {isa = PBXFileReference; lastKnownFileType = file.storyboard; name = Base; path = Base.lproj/LaunchScreen.storyboard; sourceTree = "<group>"; };
		364B2AC425230C0A0057C47F /* Info.plist */ = {isa = PBXFileReference; lastKnownFileType = text.plist.xml; path = Info.plist; sourceTree = "<group>"; };
		364B2AC525230C0A0057C47F /* main.m */ = {isa = PBXFileReference; lastKnownFileType = sourcecode.c.objc; path = main.m; sourceTree = "<group>"; };
		364B2ACB25230C0A0057C47F /* TestTableOrCollectionViewCellTests.xctest */ = {isa = PBXFileReference; explicitFileType = wrapper.cfbundle; includeInIndex = 0; path = TestTableOrCollectionViewCellTests.xctest; sourceTree = BUILT_PRODUCTS_DIR; };
		364B2ACF25230C0A0057C47F /* TestTableOrCollectionViewCellTests.m */ = {isa = PBXFileReference; lastKnownFileType = sourcecode.c.objc; path = TestTableOrCollectionViewCellTests.m; sourceTree = "<group>"; };
		364B2AD125230C0A0057C47F /* Info.plist */ = {isa = PBXFileReference; lastKnownFileType = text.plist.xml; path = Info.plist; sourceTree = "<group>"; };
		364B2AD625230C0A0057C47F /* TestTableOrCollectionViewCellUITests.xctest */ = {isa = PBXFileReference; explicitFileType = wrapper.cfbundle; includeInIndex = 0; path = TestTableOrCollectionViewCellUITests.xctest; sourceTree = BUILT_PRODUCTS_DIR; };
		364B2ADA25230C0A0057C47F /* TestTableOrCollectionViewCellUITests.m */ = {isa = PBXFileReference; lastKnownFileType = sourcecode.c.objc; path = TestTableOrCollectionViewCellUITests.m; sourceTree = "<group>"; };
		364B2ADC25230C0A0057C47F /* Info.plist */ = {isa = PBXFileReference; lastKnownFileType = text.plist.xml; path = Info.plist; sourceTree = "<group>"; };
		364B2AF125230E3E0057C47F /* TestTableViewController.h */ = {isa = PBXFileReference; lastKnownFileType = sourcecode.c.h; path = TestTableViewController.h; sourceTree = "<group>"; };
		364B2AF225230E3E0057C47F /* TestTableViewController.m */ = {isa = PBXFileReference; lastKnownFileType = sourcecode.c.objc; path = TestTableViewController.m; sourceTree = "<group>"; };
		364B2AF725230E550057C47F /* TestCollectionViewController.h */ = {isa = PBXFileReference; lastKnownFileType = sourcecode.c.h; path = TestCollectionViewController.h; sourceTree = "<group>"; };
		364B2AF825230E550057C47F /* TestCollectionViewController.m */ = {isa = PBXFileReference; lastKnownFileType = sourcecode.c.objc; path = TestCollectionViewController.m; sourceTree = "<group>"; };
		364B2B03252312230057C47F /* XibTableViewCell.h */ = {isa = PBXFileReference; lastKnownFileType = sourcecode.c.h; path = XibTableViewCell.h; sourceTree = "<group>"; };
		364B2B04252312230057C47F /* XibTableViewCell.m */ = {isa = PBXFileReference; lastKnownFileType = sourcecode.c.objc; path = XibTableViewCell.m; sourceTree = "<group>"; };
		364B2B05252312230057C47F /* XibTableViewCell.xib */ = {isa = PBXFileReference; lastKnownFileType = file.xib; path = XibTableViewCell.xib; sourceTree = "<group>"; };
		364B2B0E252315950057C47F /* TestTableViewCell1.h */ = {isa = PBXFileReference; lastKnownFileType = sourcecode.c.h; path = TestTableViewCell1.h; sourceTree = "<group>"; };
		364B2B0F252315950057C47F /* TestTableViewCell1.m */ = {isa = PBXFileReference; lastKnownFileType = sourcecode.c.objc; path = TestTableViewCell1.m; sourceTree = "<group>"; };
		364B2B14252315A30057C47F /* TestTableViewCell2.h */ = {isa = PBXFileReference; lastKnownFileType = sourcecode.c.h; path = TestTableViewCell2.h; sourceTree = "<group>"; };
		364B2B15252315A30057C47F /* TestTableViewCell2.m */ = {isa = PBXFileReference; lastKnownFileType = sourcecode.c.objc; path = TestTableViewCell2.m; sourceTree = "<group>"; };
		364B2B1A252315AC0057C47F /* TestTableViewCell3.h */ = {isa = PBXFileReference; lastKnownFileType = sourcecode.c.h; path = TestTableViewCell3.h; sourceTree = "<group>"; };
		364B2B1B252315AC0057C47F /* TestTableViewCell3.m */ = {isa = PBXFileReference; lastKnownFileType = sourcecode.c.objc; path = TestTableViewCell3.m; sourceTree = "<group>"; };
		364B2B20252315B40057C47F /* TestTableViewCell4.h */ = {isa = PBXFileReference; lastKnownFileType = sourcecode.c.h; path = TestTableViewCell4.h; sourceTree = "<group>"; };
		364B2B21252315B40057C47F /* TestTableViewCell4.m */ = {isa = PBXFileReference; lastKnownFileType = sourcecode.c.objc; path = TestTableViewCell4.m; sourceTree = "<group>"; };
		364B2B26252315BD0057C47F /* TestTableViewCell5.h */ = {isa = PBXFileReference; lastKnownFileType = sourcecode.c.h; path = TestTableViewCell5.h; sourceTree = "<group>"; };
		364B2B27252315BD0057C47F /* TestTableViewCell5.m */ = {isa = PBXFileReference; lastKnownFileType = sourcecode.c.objc; path = TestTableViewCell5.m; sourceTree = "<group>"; };
/* End PBXFileReference section */

/* Begin PBXFrameworksBuildPhase section */
		364B2AAD25230C090057C47F /* Frameworks */ = {
			isa = PBXFrameworksBuildPhase;
			buildActionMask = 2147483647;
			files = (
			);
			runOnlyForDeploymentPostprocessing = 0;
		};
		364B2AC825230C0A0057C47F /* Frameworks */ = {
			isa = PBXFrameworksBuildPhase;
			buildActionMask = 2147483647;
			files = (
			);
			runOnlyForDeploymentPostprocessing = 0;
		};
		364B2AD325230C0A0057C47F /* Frameworks */ = {
			isa = PBXFrameworksBuildPhase;
			buildActionMask = 2147483647;
			files = (
			);
			runOnlyForDeploymentPostprocessing = 0;
		};
/* End PBXFrameworksBuildPhase section */

/* Begin PBXGroup section */
		364B2AA725230C090057C47F = {
			isa = PBXGroup;
			children = (
				364B2AB225230C090057C47F /* TestTableOrCollectionViewCell */,
				364B2ACE25230C0A0057C47F /* TestTableOrCollectionViewCellTests */,
				364B2AD925230C0A0057C47F /* TestTableOrCollectionViewCellUITests */,
				364B2AB125230C090057C47F /* Products */,
			);
			sourceTree = "<group>";
		};
		364B2AB125230C090057C47F /* Products */ = {
			isa = PBXGroup;
			children = (
				364B2AB025230C090057C47F /* TestTableOrCollectionViewCell.app */,
				364B2ACB25230C0A0057C47F /* TestTableOrCollectionViewCellTests.xctest */,
				364B2AD625230C0A0057C47F /* TestTableOrCollectionViewCellUITests.xctest */,
			);
			name = Products;
			sourceTree = "<group>";
		};
		364B2AB225230C090057C47F /* TestTableOrCollectionViewCell */ = {
			isa = PBXGroup;
			children = (
				364B2AB325230C090057C47F /* AppDelegate.h */,
				364B2AB425230C090057C47F /* AppDelegate.m */,
				364B2AB625230C090057C47F /* SceneDelegate.h */,
				364B2AB725230C090057C47F /* SceneDelegate.m */,
				364B2AB925230C090057C47F /* ViewController.h */,
				364B2ABA25230C090057C47F /* ViewController.m */,
				364B2AF125230E3E0057C47F /* TestTableViewController.h */,
				364B2AF225230E3E0057C47F /* TestTableViewController.m */,
				364B2AF725230E550057C47F /* TestCollectionViewController.h */,
				364B2AF825230E550057C47F /* TestCollectionViewController.m */,
				364B2B0E252315950057C47F /* TestTableViewCell1.h */,
				364B2B0F252315950057C47F /* TestTableViewCell1.m */,
				364B2B14252315A30057C47F /* TestTableViewCell2.h */,
				364B2B15252315A30057C47F /* TestTableViewCell2.m */,
				364B2B1A252315AC0057C47F /* TestTableViewCell3.h */,
				364B2B1B252315AC0057C47F /* TestTableViewCell3.m */,
				364B2B20252315B40057C47F /* TestTableViewCell4.h */,
				364B2B21252315B40057C47F /* TestTableViewCell4.m */,
				364B2B26252315BD0057C47F /* TestTableViewCell5.h */,
				364B2B27252315BD0057C47F /* TestTableViewCell5.m */,
				364B2B03252312230057C47F /* XibTableViewCell.h */,
				364B2B04252312230057C47F /* XibTableViewCell.m */,
				364B2B05252312230057C47F /* XibTableViewCell.xib */,
				360A116025232C3000A9E649 /* TestCollectionViewCell1.h */,
				360A116125232C3000A9E649 /* TestCollectionViewCell1.m */,
				360A116625232C4000A9E649 /* TestCollectionViewCell2.h */,
				360A116725232C4000A9E649 /* TestCollectionViewCell2.m */,
				360A116C25232C4D00A9E649 /* TestCollectionViewCell3.h */,
				360A116D25232C4D00A9E649 /* TestCollectionViewCell3.m */,
				360A117225232C5900A9E649 /* TestCollectionViewCell4.h */,
				360A117325232C5900A9E649 /* TestCollectionViewCell4.m */,
				360A117825232C6300A9E649 /* TestCollectionViewCell5.h */,
				360A117925232C6300A9E649 /* TestCollectionViewCell5.m */,
				360A115825232BCC00A9E649 /* XibCollectionViewCell.h */,
				360A115925232BCC00A9E649 /* XibCollectionViewCell.m */,
				360A115A25232BCC00A9E649 /* XibCollectionViewCell.xib */,
				364B2ABC25230C090057C47F /* Main.storyboard */,
				364B2ABF25230C0A0057C47F /* Assets.xcassets */,
				364B2AC125230C0A0057C47F /* LaunchScreen.storyboard */,
				364B2AC425230C0A0057C47F /* Info.plist */,
				364B2AC525230C0A0057C47F /* main.m */,
			);
			path = TestTableOrCollectionViewCell;
			sourceTree = "<group>";
		};
		364B2ACE25230C0A0057C47F /* TestTableOrCollectionViewCellTests */ = {
			isa = PBXGroup;
			children = (
				364B2ACF25230C0A0057C47F /* TestTableOrCollectionViewCellTests.m */,
				364B2AD125230C0A0057C47F /* Info.plist */,
			);
			path = TestTableOrCollectionViewCellTests;
			sourceTree = "<group>";
		};
		364B2AD925230C0A0057C47F /* TestTableOrCollectionViewCellUITests */ = {
			isa = PBXGroup;
			children = (
				364B2ADA25230C0A0057C47F /* TestTableOrCollectionViewCellUITests.m */,
				364B2ADC25230C0A0057C47F /* Info.plist */,
			);
			path = TestTableOrCollectionViewCellUITests;
			sourceTree = "<group>";
		};
/* End PBXGroup section */

/* Begin PBXNativeTarget section */
		364B2AAF25230C090057C47F /* TestTableOrCollectionViewCell */ = {
			isa = PBXNativeTarget;
			buildConfigurationList = 364B2ADF25230C0A0057C47F /* Build configuration list for PBXNativeTarget "TestTableOrCollectionViewCell" */;
			buildPhases = (
				364B2AAC25230C090057C47F /* Sources */,
				364B2AAD25230C090057C47F /* Frameworks */,
				364B2AAE25230C090057C47F /* Resources */,
			);
			buildRules = (
			);
			dependencies = (
			);
			name = TestTableOrCollectionViewCell;
			productName = TestTableOrCollectionViewCell;
			productReference = 364B2AB025230C090057C47F /* TestTableOrCollectionViewCell.app */;
			productType = "com.apple.product-type.application";
		};
		364B2ACA25230C0A0057C47F /* TestTableOrCollectionViewCellTests */ = {
			isa = PBXNativeTarget;
			buildConfigurationList = 364B2AE225230C0A0057C47F /* Build configuration list for PBXNativeTarget "TestTableOrCollectionViewCellTests" */;
			buildPhases = (
				364B2AC725230C0A0057C47F /* Sources */,
				364B2AC825230C0A0057C47F /* Frameworks */,
				364B2AC925230C0A0057C47F /* Resources */,
			);
			buildRules = (
			);
			dependencies = (
				364B2ACD25230C0A0057C47F /* PBXTargetDependency */,
			);
			name = TestTableOrCollectionViewCellTests;
			productName = TestTableOrCollectionViewCellTests;
			productReference = 364B2ACB25230C0A0057C47F /* TestTableOrCollectionViewCellTests.xctest */;
			productType = "com.apple.product-type.bundle.unit-test";
		};
		364B2AD525230C0A0057C47F /* TestTableOrCollectionViewCellUITests */ = {
			isa = PBXNativeTarget;
			buildConfigurationList = 364B2AE525230C0A0057C47F /* Build configuration list for PBXNativeTarget "TestTableOrCollectionViewCellUITests" */;
			buildPhases = (
				364B2AD225230C0A0057C47F /* Sources */,
				364B2AD325230C0A0057C47F /* Frameworks */,
				364B2AD425230C0A0057C47F /* Resources */,
			);
			buildRules = (
			);
			dependencies = (
				364B2AD825230C0A0057C47F /* PBXTargetDependency */,
			);
			name = TestTableOrCollectionViewCellUITests;
			productName = TestTableOrCollectionViewCellUITests;
			productReference = 364B2AD625230C0A0057C47F /* TestTableOrCollectionViewCellUITests.xctest */;
			productType = "com.apple.product-type.bundle.ui-testing";
		};
/* End PBXNativeTarget section */

/* Begin PBXProject section */
		364B2AA825230C090057C47F /* Project object */ = {
			isa = PBXProject;
			attributes = {
				LastUpgradeCheck = 1200;
				TargetAttributes = {
					364B2AAF25230C090057C47F = {
						CreatedOnToolsVersion = 12.0;
					};
					364B2ACA25230C0A0057C47F = {
						CreatedOnToolsVersion = 12.0;
						TestTargetID = 364B2AAF25230C090057C47F;
					};
					364B2AD525230C0A0057C47F = {
						CreatedOnToolsVersion = 12.0;
						TestTargetID = 364B2AAF25230C090057C47F;
					};
				};
			};
			buildConfigurationList = 364B2AAB25230C090057C47F /* Build configuration list for PBXProject "TestTableOrCollectionViewCell" */;
			compatibilityVersion = "Xcode 9.3";
			developmentRegion = en;
			hasScannedForEncodings = 0;
			knownRegions = (
				en,
				Base,
			);
			mainGroup = 364B2AA725230C090057C47F;
			productRefGroup = 364B2AB125230C090057C47F /* Products */;
			projectDirPath = "";
			projectRoot = "";
			targets = (
				364B2AAF25230C090057C47F /* TestTableOrCollectionViewCell */,
				364B2ACA25230C0A0057C47F /* TestTableOrCollectionViewCellTests */,
				364B2AD525230C0A0057C47F /* TestTableOrCollectionViewCellUITests */,
			);
		};
/* End PBXProject section */

/* Begin PBXResourcesBuildPhase section */
		364B2AAE25230C090057C47F /* Resources */ = {
			isa = PBXResourcesBuildPhase;
			buildActionMask = 2147483647;
			files = (
				364B2AC325230C0A0057C47F /* LaunchScreen.storyboard in Resources */,
				364B2AC025230C0A0057C47F /* Assets.xcassets in Resources */,
				364B2ABE25230C090057C47F /* Main.storyboard in Resources */,
				364B2B07252312230057C47F /* XibTableViewCell.xib in Resources */,
				360A115C25232BCC00A9E649 /* XibCollectionViewCell.xib in Resources */,
			);
			runOnlyForDeploymentPostprocessing = 0;
		};
		364B2AC925230C0A0057C47F /* Resources */ = {
			isa = PBXResourcesBuildPhase;
			buildActionMask = 2147483647;
			files = (
			);
			runOnlyForDeploymentPostprocessing = 0;
		};
		364B2AD425230C0A0057C47F /* Resources */ = {
			isa = PBXResourcesBuildPhase;
			buildActionMask = 2147483647;
			files = (
			);
			runOnlyForDeploymentPostprocessing = 0;
		};
/* End PBXResourcesBuildPhase section */

/* Begin PBXSourcesBuildPhase section */
		364B2AAC25230C090057C47F /* Sources */ = {
			isa = PBXSourcesBuildPhase;
			buildActionMask = 2147483647;
			files = (
				360A116825232C4000A9E649 /* TestCollectionViewCell2.m in Sources */,
				364B2ABB25230C090057C47F /* ViewController.m in Sources */,
				364B2B1C252315AC0057C47F /* TestTableViewCell3.m in Sources */,
				360A116225232C3000A9E649 /* TestCollectionViewCell1.m in Sources */,
				364B2AB525230C090057C47F /* AppDelegate.m in Sources */,
				364B2B06252312230057C47F /* XibTableViewCell.m in Sources */,
				364B2B10252315950057C47F /* TestTableViewCell1.m in Sources */,
				364B2AF325230E3E0057C47F /* TestTableViewController.m in Sources */,
				364B2B22252315B40057C47F /* TestTableViewCell4.m in Sources */,
				364B2AC625230C0A0057C47F /* main.m in Sources */,
				364B2AF925230E550057C47F /* TestCollectionViewController.m in Sources */,
				364B2AB825230C090057C47F /* SceneDelegate.m in Sources */,
				360A117A25232C6300A9E649 /* TestCollectionViewCell5.m in Sources */,
				364B2B16252315A30057C47F /* TestTableViewCell2.m in Sources */,
				360A115B25232BCC00A9E649 /* XibCollectionViewCell.m in Sources */,
				360A117425232C5900A9E649 /* TestCollectionViewCell4.m in Sources */,
				360A116E25232C4D00A9E649 /* TestCollectionViewCell3.m in Sources */,
				364B2B28252315BD0057C47F /* TestTableViewCell5.m in Sources */,
			);
			runOnlyForDeploymentPostprocessing = 0;
		};
		364B2AC725230C0A0057C47F /* Sources */ = {
			isa = PBXSourcesBuildPhase;
			buildActionMask = 2147483647;
			files = (
				364B2AD025230C0A0057C47F /* TestTableOrCollectionViewCellTests.m in Sources */,
			);
			runOnlyForDeploymentPostprocessing = 0;
		};
		364B2AD225230C0A0057C47F /* Sources */ = {
			isa = PBXSourcesBuildPhase;
			buildActionMask = 2147483647;
			files = (
				364B2ADB25230C0A0057C47F /* TestTableOrCollectionViewCellUITests.m in Sources */,
			);
			runOnlyForDeploymentPostprocessing = 0;
		};
/* End PBXSourcesBuildPhase section */

/* Begin PBXTargetDependency section */
		364B2ACD25230C0A0057C47F /* PBXTargetDependency */ = {
			isa = PBXTargetDependency;
			target = 364B2AAF25230C090057C47F /* TestTableOrCollectionViewCell */;
			targetProxy = 364B2ACC25230C0A0057C47F /* PBXContainerItemProxy */;
		};
		364B2AD825230C0A0057C47F /* PBXTargetDependency */ = {
			isa = PBXTargetDependency;
			target = 364B2AAF25230C090057C47F /* TestTableOrCollectionViewCell */;
			targetProxy = 364B2AD725230C0A0057C47F /* PBXContainerItemProxy */;
		};
/* End PBXTargetDependency section */

/* Begin PBXVariantGroup section */
		364B2ABC25230C090057C47F /* Main.storyboard */ = {
			isa = PBXVariantGroup;
			children = (
				364B2ABD25230C090057C47F /* Base */,
			);
			name = Main.storyboard;
			sourceTree = "<group>";
		};
		364B2AC125230C0A0057C47F /* LaunchScreen.storyboard */ = {
			isa = PBXVariantGroup;
			children = (
				364B2AC225230C0A0057C47F /* Base */,
			);
			name = LaunchScreen.storyboard;
			sourceTree = "<group>";
		};
/* End PBXVariantGroup section */

/* Begin XCBuildConfiguration section */
		364B2ADD25230C0A0057C47F /* Debug */ = {
			isa = XCBuildConfiguration;
			buildSettings = {
				ALWAYS_SEARCH_USER_PATHS = NO;
				CLANG_ANALYZER_NONNULL = YES;
				CLANG_ANALYZER_NUMBER_OBJECT_CONVERSION = YES_AGGRESSIVE;
				CLANG_CXX_LANGUAGE_STANDARD = "gnu++14";
				CLANG_CXX_LIBRARY = "libc++";
				CLANG_ENABLE_MODULES = YES;
				CLANG_ENABLE_OBJC_ARC = YES;
				CLANG_ENABLE_OBJC_WEAK = YES;
				CLANG_WARN_BLOCK_CAPTURE_AUTORELEASING = YES;
				CLANG_WARN_BOOL_CONVERSION = YES;
				CLANG_WARN_COMMA = YES;
				CLANG_WARN_CONSTANT_CONVERSION = YES;
				CLANG_WARN_DEPRECATED_OBJC_IMPLEMENTATIONS = YES;
				CLANG_WARN_DIRECT_OBJC_ISA_USAGE = YES_ERROR;
				CLANG_WARN_DOCUMENTATION_COMMENTS = YES;
				CLANG_WARN_EMPTY_BODY = YES;
				CLANG_WARN_ENUM_CONVERSION = YES;
				CLANG_WARN_INFINITE_RECURSION = YES;
				CLANG_WARN_INT_CONVERSION = YES;
				CLANG_WARN_NON_LITERAL_NULL_CONVERSION = YES;
				CLANG_WARN_OBJC_IMPLICIT_RETAIN_SELF = YES;
				CLANG_WARN_OBJC_LITERAL_CONVERSION = YES;
				CLANG_WARN_OBJC_ROOT_CLASS = YES_ERROR;
				CLANG_WARN_QUOTED_INCLUDE_IN_FRAMEWORK_HEADER = YES;
				CLANG_WARN_RANGE_LOOP_ANALYSIS = YES;
				CLANG_WARN_STRICT_PROTOTYPES = YES;
				CLANG_WARN_SUSPICIOUS_MOVE = YES;
				CLANG_WARN_UNGUARDED_AVAILABILITY = YES_AGGRESSIVE;
				CLANG_WARN_UNREACHABLE_CODE = YES;
				CLANG_WARN__DUPLICATE_METHOD_MATCH = YES;
				COPY_PHASE_STRIP = NO;
				DEBUG_INFORMATION_FORMAT = dwarf;
				ENABLE_STRICT_OBJC_MSGSEND = YES;
				ENABLE_TESTABILITY = YES;
				GCC_C_LANGUAGE_STANDARD = gnu11;
				GCC_DYNAMIC_NO_PIC = NO;
				GCC_NO_COMMON_BLOCKS = YES;
				GCC_OPTIMIZATION_LEVEL = 0;
				GCC_PREPROCESSOR_DEFINITIONS = (
					"DEBUG=1",
					"$(inherited)",
				);
				GCC_WARN_64_TO_32_BIT_CONVERSION = YES;
				GCC_WARN_ABOUT_RETURN_TYPE = YES_ERROR;
				GCC_WARN_UNDECLARED_SELECTOR = YES;
				GCC_WARN_UNINITIALIZED_AUTOS = YES_AGGRESSIVE;
				GCC_WARN_UNUSED_FUNCTION = YES;
				GCC_WARN_UNUSED_VARIABLE = YES;
				IPHONEOS_DEPLOYMENT_TARGET = 14.0;
				MTL_ENABLE_DEBUG_INFO = INCLUDE_SOURCE;
				MTL_FAST_MATH = YES;
				ONLY_ACTIVE_ARCH = YES;
				SDKROOT = iphoneos;
			};
			name = Debug;
		};
		364B2ADE25230C0A0057C47F /* Release */ = {
			isa = XCBuildConfiguration;
			buildSettings = {
				ALWAYS_SEARCH_USER_PATHS = NO;
				CLANG_ANALYZER_NONNULL = YES;
				CLANG_ANALYZER_NUMBER_OBJECT_CONVERSION = YES_AGGRESSIVE;
				CLANG_CXX_LANGUAGE_STANDARD = "gnu++14";
				CLANG_CXX_LIBRARY = "libc++";
				CLANG_ENABLE_MODULES = YES;
				CLANG_ENABLE_OBJC_ARC = YES;
				CLANG_ENABLE_OBJC_WEAK = YES;
				CLANG_WARN_BLOCK_CAPTURE_AUTORELEASING = YES;
				CLANG_WARN_BOOL_CONVERSION = YES;
				CLANG_WARN_COMMA = YES;
				CLANG_WARN_CONSTANT_CONVERSION = YES;
				CLANG_WARN_DEPRECATED_OBJC_IMPLEMENTATIONS = YES;
				CLANG_WARN_DIRECT_OBJC_ISA_USAGE = YES_ERROR;
				CLANG_WARN_DOCUMENTATION_COMMENTS = YES;
				CLANG_WARN_EMPTY_BODY = YES;
				CLANG_WARN_ENUM_CONVERSION = YES;
				CLANG_WARN_INFINITE_RECURSION = YES;
				CLANG_WARN_INT_CONVERSION = YES;
				CLANG_WARN_NON_LITERAL_NULL_CONVERSION = YES;
				CLANG_WARN_OBJC_IMPLICIT_RETAIN_SELF = YES;
				CLANG_WARN_OBJC_LITERAL_CONVERSION = YES;
				CLANG_WARN_OBJC_ROOT_CLASS = YES_ERROR;
				CLANG_WARN_QUOTED_INCLUDE_IN_FRAMEWORK_HEADER = YES;
				CLANG_WARN_RANGE_LOOP_ANALYSIS = YES;
				CLANG_WARN_STRICT_PROTOTYPES = YES;
				CLANG_WARN_SUSPICIOUS_MOVE = YES;
				CLANG_WARN_UNGUARDED_AVAILABILITY = YES_AGGRESSIVE;
				CLANG_WARN_UNREACHABLE_CODE = YES;
				CLANG_WARN__DUPLICATE_METHOD_MATCH = YES;
				COPY_PHASE_STRIP = NO;
				DEBUG_INFORMATION_FORMAT = "dwarf-with-dsym";
				ENABLE_NS_ASSERTIONS = NO;
				ENABLE_STRICT_OBJC_MSGSEND = YES;
				GCC_C_LANGUAGE_STANDARD = gnu11;
				GCC_NO_COMMON_BLOCKS = YES;
				GCC_WARN_64_TO_32_BIT_CONVERSION = YES;
				GCC_WARN_ABOUT_RETURN_TYPE = YES_ERROR;
				GCC_WARN_UNDECLARED_SELECTOR = YES;
				GCC_WARN_UNINITIALIZED_AUTOS = YES_AGGRESSIVE;
				GCC_WARN_UNUSED_FUNCTION = YES;
				GCC_WARN_UNUSED_VARIABLE = YES;
				IPHONEOS_DEPLOYMENT_TARGET = 14.0;
				MTL_ENABLE_DEBUG_INFO = NO;
				MTL_FAST_MATH = YES;
				SDKROOT = iphoneos;
				VALIDATE_PRODUCT = YES;
			};
			name = Release;
		};
		364B2AE025230C0A0057C47F /* Debug */ = {
			isa = XCBuildConfiguration;
			buildSettings = {
				ASSETCATALOG_COMPILER_APPICON_NAME = AppIcon;
				ASSETCATALOG_COMPILER_GLOBAL_ACCENT_COLOR_NAME = AccentColor;
				CODE_SIGN_STYLE = Manual;
				DEVELOPMENT_TEAM = "";
				INFOPLIST_FILE = TestTableOrCollectionViewCell/Info.plist;
				IPHONEOS_DEPLOYMENT_TARGET = 11.0;
				LD_RUNPATH_SEARCH_PATHS = (
					"$(inherited)",
					"@executable_path/Frameworks",
				);
				PRODUCT_BUNDLE_IDENTIFIER = com.test.tc.TestTableOrCollectionViewCell;
				PRODUCT_NAME = "$(TARGET_NAME)";
				PROVISIONING_PROFILE_SPECIFIER = "";
				TARGETED_DEVICE_FAMILY = "1,2";
			};
			name = Debug;
		};
		364B2AE125230C0A0057C47F /* Release */ = {
			isa = XCBuildConfiguration;
			buildSettings = {
				ASSETCATALOG_COMPILER_APPICON_NAME = AppIcon;
				ASSETCATALOG_COMPILER_GLOBAL_ACCENT_COLOR_NAME = AccentColor;
				CODE_SIGN_STYLE = Manual;
				DEVELOPMENT_TEAM = "";
				INFOPLIST_FILE = TestTableOrCollectionViewCell/Info.plist;
				IPHONEOS_DEPLOYMENT_TARGET = 11.0;
				LD_RUNPATH_SEARCH_PATHS = (
					"$(inherited)",
					"@executable_path/Frameworks",
				);
				PRODUCT_BUNDLE_IDENTIFIER = com.test.tc.TestTableOrCollectionViewCell;
				PRODUCT_NAME = "$(TARGET_NAME)";
				PROVISIONING_PROFILE_SPECIFIER = "";
				TARGETED_DEVICE_FAMILY = "1,2";
			};
			name = Release;
		};
		364B2AE325230C0A0057C47F /* Debug */ = {
			isa = XCBuildConfiguration;
			buildSettings = {
				BUNDLE_LOADER = "$(TEST_HOST)";
				CODE_SIGN_STYLE = Automatic;
				INFOPLIST_FILE = TestTableOrCollectionViewCellTests/Info.plist;
				IPHONEOS_DEPLOYMENT_TARGET = 14.0;
				LD_RUNPATH_SEARCH_PATHS = (
					"$(inherited)",
					"@executable_path/Frameworks",
					"@loader_path/Frameworks",
				);
				PRODUCT_BUNDLE_IDENTIFIER = com.test.tc.TestTableOrCollectionViewCellTests;
				PRODUCT_NAME = "$(TARGET_NAME)";
				TARGETED_DEVICE_FAMILY = "1,2";
				TEST_HOST = "$(BUILT_PRODUCTS_DIR)/TestTableOrCollectionViewCell.app/TestTableOrCollectionViewCell";
			};
			name = Debug;
		};
		364B2AE425230C0A0057C47F /* Release */ = {
			isa = XCBuildConfiguration;
			buildSettings = {
				BUNDLE_LOADER = "$(TEST_HOST)";
				CODE_SIGN_STYLE = Automatic;
				INFOPLIST_FILE = TestTableOrCollectionViewCellTests/Info.plist;
				IPHONEOS_DEPLOYMENT_TARGET = 14.0;
				LD_RUNPATH_SEARCH_PATHS = (
					"$(inherited)",
					"@executable_path/Frameworks",
					"@loader_path/Frameworks",
				);
				PRODUCT_BUNDLE_IDENTIFIER = com.test.tc.TestTableOrCollectionViewCellTests;
				PRODUCT_NAME = "$(TARGET_NAME)";
				TARGETED_DEVICE_FAMILY = "1,2";
				TEST_HOST = "$(BUILT_PRODUCTS_DIR)/TestTableOrCollectionViewCell.app/TestTableOrCollectionViewCell";
			};
			name = Release;
		};
		364B2AE625230C0A0057C47F /* Debug */ = {
			isa = XCBuildConfiguration;
			buildSettings = {
				CODE_SIGN_STYLE = Automatic;
				INFOPLIST_FILE = TestTableOrCollectionViewCellUITests/Info.plist;
				LD_RUNPATH_SEARCH_PATHS = (
					"$(inherited)",
					"@executable_path/Frameworks",
					"@loader_path/Frameworks",
				);
				PRODUCT_BUNDLE_IDENTIFIER = com.test.tc.TestTableOrCollectionViewCellUITests;
				PRODUCT_NAME = "$(TARGET_NAME)";
				TARGETED_DEVICE_FAMILY = "1,2";
				TEST_TARGET_NAME = TestTableOrCollectionViewCell;
			};
			name = Debug;
		};
		364B2AE725230C0A0057C47F /* Release */ = {
			isa = XCBuildConfiguration;
			buildSettings = {
				CODE_SIGN_STYLE = Automatic;
				INFOPLIST_FILE = TestTableOrCollectionViewCellUITests/Info.plist;
				LD_RUNPATH_SEARCH_PATHS = (
					"$(inherited)",
					"@executable_path/Frameworks",
					"@loader_path/Frameworks",
				);
				PRODUCT_BUNDLE_IDENTIFIER = com.test.tc.TestTableOrCollectionViewCellUITests;
				PRODUCT_NAME = "$(TARGET_NAME)";
				TARGETED_DEVICE_FAMILY = "1,2";
				TEST_TARGET_NAME = TestTableOrCollectionViewCell;
			};
			name = Release;
		};
/* End XCBuildConfiguration section */

/* Begin XCConfigurationList section */
		364B2AAB25230C090057C47F /* Build configuration list for PBXProject "TestTableOrCollectionViewCell" */ = {
			isa = XCConfigurationList;
			buildConfigurations = (
				364B2ADD25230C0A0057C47F /* Debug */,
				364B2ADE25230C0A0057C47F /* Release */,
			);
			defaultConfigurationIsVisible = 0;
			defaultConfigurationName = Release;
		};
		364B2ADF25230C0A0057C47F /* Build configuration list for PBXNativeTarget "TestTableOrCollectionViewCell" */ = {
			isa = XCConfigurationList;
			buildConfigurations = (
				364B2AE025230C0A0057C47F /* Debug */,
				364B2AE125230C0A0057C47F /* Release */,
			);
			defaultConfigurationIsVisible = 0;
			defaultConfigurationName = Release;
		};
		364B2AE225230C0A0057C47F /* Build configuration list for PBXNativeTarget "TestTableOrCollectionViewCellTests" */ = {
			isa = XCConfigurationList;
			buildConfigurations = (
				364B2AE325230C0A0057C47F /* Debug */,
				364B2AE425230C0A0057C47F /* Release */,
			);
			defaultConfigurationIsVisible = 0;
			defaultConfigurationName = Release;
		};
		364B2AE525230C0A0057C47F /* Build configuration list for PBXNativeTarget "TestTableOrCollectionViewCellUITests" */ = {
			isa = XCConfigurationList;
			buildConfigurations = (
				364B2AE625230C0A0057C47F /* Debug */,
				364B2AE725230C0A0057C47F /* Release */,
			);
			defaultConfigurationIsVisible = 0;
			defaultConfigurationName = Release;
		};
/* End XCConfigurationList section */
	};
	rootObject = 364B2AA825230C090057C47F /* Project object */;
}
